Microsoft Visual Studio Solution File, Format Version 12.00
# Visual Studio Version 17
VisualStudioVersion = 17.5.2.0
MinimumVisualStudioVersion = 10.0.40219.1
Project("{FAE04EC0-301F-11D3-BF4B-00C04F79EFBC}") = "ConverToUTF8", "ConverToUTF8.csproj", "{EAAB373C-242D-6BAC-8366-CE02F028AF79}"
EndProject
Global
	GlobalSection(SolutionConfigurationPlatforms) = preSolution
		Debug|Any CPU = Debug|Any CPU
		Release|Any CPU = Release|Any CPU
	EndGlobalSection
	GlobalSection(ProjectConfigurationPlatforms) = postSolution
		{EAAB373C-242D-6BAC-8366-CE02F028AF79}.Debug|Any CPU.ActiveCfg = Debug|Any CPU
		{EAAB373C-242D-6BAC-8366-CE02F028AF79}.Debug|Any CPU.Build.0 = Debug|Any CPU
		{EAAB373C-242D-6BAC-8366-CE02F028AF79}.Release|Any CPU.ActiveCfg = Release|Any CPU
		{EAAB373C-242D-6BAC-8366-CE02F028AF79}.Release|Any CPU.Build.0 = Release|Any CPU
	EndGlobalSection
	GlobalSection(SolutionProperties) = preSolution
		HideSolutionNode = FALSE
	EndGlobalSection
	GlobalSection(ExtensibilityGlobals) = postSolution
		SolutionGuid = {3FB61617-1DEF-4144-9857-4D7522269326}
	EndGlobalSection
EndGlobal
